
Microsoft Visual Studio Solution File, Format Version 12.00
# Visual Studio Version 16
VisualStudioVersion = 16.0.31613.86
MinimumVisualStudioVersion = 10.0.40219.1
Project("{FAE04EC0-301F-11D3-BF4B-00C04F79EFBC}") = "Lanterna.Android", "Lanterna.Android\Lanterna.Android.csproj", "{2B15A496-8B0E-48AD-A3BA-771DC4F657E8}"
EndProject
Project("{FAE04EC0-301F-11D3-BF4B-00C04F79EFBC}") = "Lanterna.iOS", "Lanterna.iOS\Lanterna.iOS.csproj", "{59604451-FC69-4851-ACF3-F1707A3DF381}"
EndProject
Project("{FAE04EC0-301F-11D3-BF4B-00C04F79EFBC}") = "Lanterna", "Lanterna\Lanterna.csproj", "{4770C58B-BDCE-4445-942A-3BF43C6DD340}"
EndProject
Global
	GlobalSection(SolutionConfigurationPlatforms) = preSolution
		Debug|Any CPU = Debug|Any CPU
		Debug|iPhone = Debug|iPhone
		Debug|iPhoneSimulator = Debug|iPhoneSimulator
		Release|Any CPU = Release|Any CPU
		Release|iPhone = Release|iPhone
		Release|iPhoneSimulator = Release|iPhoneSimulator
	EndGlobalSection
	GlobalSection(ProjectConfigurationPlatforms) = postSolution
		{2B15A496-8B0E-48AD-A3BA-771DC4F657E8}.Debug|Any CPU.ActiveCfg = Debug|Any CPU
		{2B15A496-8B0E-48AD-A3BA-771DC4F657E8}.Debug|Any CPU.Build.0 = Debug|Any CPU
		{2B15A496-8B0E-48AD-A3BA-771DC4F657E8}.Debug|Any CPU.Deploy.0 = Debug|Any CPU
		{2B15A496-8B0E-48AD-A3BA-771DC4F657E8}.Debug|iPhone.ActiveCfg = Debug|Any CPU
		{2B15A496-8B0E-48AD-A3BA-771DC4F657E8}.Debug|iPhone.Build.0 = Debug|Any CPU
		{2B15A496-8B0E-48AD-A3BA-771DC4F657E8}.Debug|iPhone.Deploy.0 = Debug|Any CPU
		{2B15A496-8B0E-48AD-A3BA-771DC4F657E8}.Debug|iPhoneSimulator.ActiveCfg = Debug|Any CPU
		{2B15A496-8B0E-48AD-A3BA-771DC4F657E8}.Debug|iPhoneSimulator.Build.0 = Debug|Any CPU
		{2B15A496-8B0E-48AD-A3BA-771DC4F657E8}.Debug|iPhoneSimulator.Deploy.0 = Debug|Any CPU
		{2B15A496-8B0E-48AD-A3BA-771DC4F657E8}.Release|Any CPU.ActiveCfg = Release|Any CPU
		{2B15A496-8B0E-48AD-A3BA-771DC4F657E8}.Release|Any CPU.Build.0 = Release|Any CPU
		{2B15A496-8B0E-48AD-A3BA-771DC4F657E8}.Release|Any CPU.Deploy.0 = Release|Any CPU
		{2B15A496-8B0E-48AD-A3BA-771DC4F657E8}.Release|iPhone.ActiveCfg = Release|Any CPU
		{2B15A496-8B0E-48AD-A3BA-771DC4F657E8}.Release|iPhone.Build.0 = Release|Any CPU
		{2B15A496-8B0E-48AD-A3BA-771DC4F657E8}.Release|iPhone.Deploy.0 = Release|Any CPU
		{2B15A496-8B0E-48AD-A3BA-771DC4F657E8}.Release|iPhoneSimulator.ActiveCfg = Release|Any CPU
		{2B15A496-8B0E-48AD-A3BA-771DC4F657E8}.Release|iPhoneSimulator.Build.0 = Release|Any CPU
		{2B15A496-8B0E-48AD-A3BA-771DC4F657E8}.Release|iPhoneSimulator.Deploy.0 = Release|Any CPU
		{59604451-FC69-4851-ACF3-F1707A3DF381}.Debug|Any CPU.ActiveCfg = Debug|iPhone
		{59604451-FC69-4851-ACF3-F1707A3DF381}.Debug|Any CPU.Build.0 = Debug|iPhone
		{59604451-FC69-4851-ACF3-F1707A3DF381}.Debug|Any CPU.Deploy.0 = Debug|iPhone
		{59604451-FC69-4851-ACF3-F1707A3DF381}.Debug|iPhone.ActiveCfg = Debug|iPhone
		{59604451-FC69-4851-ACF3-F1707A3DF381}.Debug|iPhone.Build.0 = Debug|iPhone
		{59604451-FC69-4851-ACF3-F1707A3DF381}.Debug|iPhone.Deploy.0 = Debug|iPhone
		{59604451-FC69-4851-ACF3-F1707A3DF381}.Debug|iPhoneSimulator.ActiveCfg = Debug|iPhoneSimulator
		{59604451-FC69-4851-ACF3-F1707A3DF381}.Debug|iPhoneSimulator.Build.0 = Debug|iPhoneSimulator
		{59604451-FC69-4851-ACF3-F1707A3DF381}.Debug|iPhoneSimulator.Deploy.0 = Debug|iPhoneSimulator
		{59604451-FC69-4851-ACF3-F1707A3DF381}.Release|Any CPU.ActiveCfg = Release|iPhoneSimulator
		{59604451-FC69-4851-ACF3-F1707A3DF381}.Release|Any CPU.Build.0 = Release|iPhoneSimulator
		{59604451-FC69-4851-ACF3-F1707A3DF381}.Release|Any CPU.Deploy.0 = Release|iPhoneSimulator
		{59604451-FC69-4851-ACF3-F1707A3DF381}.Release|iPhone.ActiveCfg = Release|iPhone
		{59604451-FC69-4851-ACF3-F1707A3DF381}.Release|iPhone.Build.0 = Release|iPhone
		{59604451-FC69-4851-ACF3-F1707A3DF381}.Release|iPhone.Deploy.0 = Release|iPhone
		{59604451-FC69-4851-ACF3-F1707A3DF381}.Release|iPhoneSimulator.ActiveCfg = Release|iPhoneSimulator
		{59604451-FC69-4851-ACF3-F1707A3DF381}.Release|iPhoneSimulator.Build.0 = Release|iPhoneSimulator
		{59604451-FC69-4851-ACF3-F1707A3DF381}.Release|iPhoneSimulator.Deploy.0 = Release|iPhoneSimulator
		{4770C58B-BDCE-4445-942A-3BF43C6DD340}.Debug|Any CPU.ActiveCfg = Debug|Any CPU
		{4770C58B-BDCE-4445-942A-3BF43C6DD340}.Debug|Any CPU.Build.0 = Debug|Any CPU
		{4770C58B-BDCE-4445-942A-3BF43C6DD340}.Debug|Any CPU.Deploy.0 = Debug|Any CPU
		{4770C58B-BDCE-4445-942A-3BF43C6DD340}.Debug|iPhone.ActiveCfg = Debug|Any CPU
		{4770C58B-BDCE-4445-942A-3BF43C6DD340}.Debug|iPhone.Build.0 = Debug|Any CPU
		{4770C58B-BDCE-4445-942A-3BF43C6DD340}.Debug|iPhone.Deploy.0 = Debug|Any CPU
		{4770C58B-BDCE-4445-942A-3BF43C6DD340}.Debug|iPhoneSimulator.ActiveCfg = Debug|Any CPU
		{4770C58B-BDCE-4445-942A-3BF43C6DD340}.Debug|iPhoneSimulator.Build.0 = Debug|Any CPU
		{4770C58B-BDCE-4445-942A-3BF43C6DD340}.Debug|iPhoneSimulator.Deploy.0 = Debug|Any CPU
		{4770C58B-BDCE-4445-942A-3BF43C6DD340}.Release|Any CPU.ActiveCfg = Release|Any CPU
		{4770C58B-BDCE-4445-942A-3BF43C6DD340}.Release|Any CPU.Build.0 = Release|Any CPU
		{4770C58B-BDCE-4445-942A-3BF43C6DD340}.Release|Any CPU.Deploy.0 = Release|Any CPU
		{4770C58B-BDCE-4445-942A-3BF43C6DD340}.Release|iPhone.ActiveCfg = Release|Any CPU
		{4770C58B-BDCE-4445-942A-3BF43C6DD340}.Release|iPhone.Build.0 = Release|Any CPU
		{4770C58B-BDCE-4445-942A-3BF43C6DD340}.Release|iPhone.Deploy.0 = Release|Any CPU
		{4770C58B-BDCE-4445-942A-3BF43C6DD340}.Release|iPhoneSimulator.ActiveCfg = Release|Any CPU
		{4770C58B-BDCE-4445-942A-3BF43C6DD340}.Release|iPhoneSimulator.Build.0 = Release|Any CPU
		{4770C58B-BDCE-4445-942A-3BF43C6DD340}.Release|iPhoneSimulator.Deploy.0 = Release|Any CPU
	EndGlobalSection
	GlobalSection(SolutionProperties) = preSolution
		HideSolutionNode = FALSE
	EndGlobalSection
	GlobalSection(ExtensibilityGlobals) = postSolution
		SolutionGuid = {BFD1FF1C-598A-4390-A887-3DEFC24FC2E1}
	EndGlobalSection
EndGlobal
